
Microsoft Visual Studio Solution File, Format Version 12.00
# Visual Studio 15
Project("{FAE04EC0-301F-11D3-BF4B-00C04F79EFBC}") = "Assembly-CSharp", "Assembly-CSharp.csproj", "{7052C311-2E56-23D8-F509-EBA3CD35F423}"
EndProject
Project("{FAE04EC0-301F-11D3-BF4B-00C04F79EFBC}") = "Assembly-CSharp-Editor", "Assembly-CSharp-Editor.csproj", "{332A0BD6-6706-775A-408E-94E860D16226}"
EndProject
Global
	GlobalSection(SolutionConfigurationPlatforms) = preSolution
		Debug|Any CPU = Debug|Any CPU
		Release|Any CPU = Release|Any CPU
	EndGlobalSection
	GlobalSection(ProjectConfigurationPlatforms) = postSolution
		{7052C311-2E56-23D8-F509-EBA3CD35F423}.Debug|Any CPU.ActiveCfg = Debug|Any CPU
		{7052C311-2E56-23D8-F509-EBA3CD35F423}.Debug|Any CPU.Build.0 = Debug|Any CPU
		{7052C311-2E56-23D8-F509-EBA3CD35F423}.Release|Any CPU.ActiveCfg = Release|Any CPU
		{7052C311-2E56-23D8-F509-EBA3CD35F423}.Release|Any CPU.Build.0 = Release|Any CPU
		{332A0BD6-6706-775A-408E-94E860D16226}.Debug|Any CPU.ActiveCfg = Debug|Any CPU
		{332A0BD6-6706-775A-408E-94E860D16226}.Debug|Any CPU.Build.0 = Debug|Any CPU
		{332A0BD6-6706-775A-408E-94E860D16226}.Release|Any CPU.ActiveCfg = Release|Any CPU
		{332A0BD6-6706-775A-408E-94E860D16226}.Release|Any CPU.Build.0 = Release|Any CPU
	EndGlobalSection
	GlobalSection(SolutionProperties) = preSolution
		HideSolutionNode = FALSE
	EndGlobalSection
EndGlobal
